
Microsoft Visual Studio Solution File, Format Version 12.00
# Visual Studio Version 16
VisualStudioVersion = 16.0.31129.286
MinimumVisualStudioVersion = 10.0.40219.1
Project("{FAE04EC0-301F-11D3-BF4B-00C04F79EFBC}") = "checkmate", "checkmate.csproj", "{C393E13F-F6B3-454D-9244-2B79BEEE1C7E}"
EndProject
Global
	GlobalSection(SolutionConfigurationPlatforms) = preSolution
		Debug|Any CPU = Debug|Any CPU
		Release|Any CPU = Release|Any CPU
	EndGlobalSection
	GlobalSection(ProjectConfigurationPlatforms) = postSolution
		{C393E13F-F6B3-454D-9244-2B79BEEE1C7E}.Debug|Any CPU.ActiveCfg = Debug|Any CPU
		{C393E13F-F6B3-454D-9244-2B79BEEE1C7E}.Debug|Any CPU.Build.0 = Debug|Any CPU
		{C393E13F-F6B3-454D-9244-2B79BEEE1C7E}.Release|Any CPU.ActiveCfg = Release|Any CPU
		{C393E13F-F6B3-454D-9244-2B79BEEE1C7E}.Release|Any CPU.Build.0 = Release|Any CPU
	EndGlobalSection
	GlobalSection(SolutionProperties) = preSolution
		HideSolutionNode = FALSE
	EndGlobalSection
	GlobalSection(ExtensibilityGlobals) = postSolution
		SolutionGuid = {83D9415A-366B-49A2-AAA9-F6D05167FB32}
	EndGlobalSection
EndGlobal
